PODS:
  - Flutter (1.0.0)
  - flutter_isolate (0.0.1):
    - Flutter
  - flutter_secure_storage (6.0.0):
    - Flutter
  - sign_in_with_apple (0.0.1):
    - Flutter
  - video_player_hdr (0.0.1):
    - Flutter
  - workmanager_apple (0.0.1):
    - Flutter

DEPENDENCIES:
  - Flutter (from `Flutter`)
  - flutter_isolate (from `.symlinks/plugins/flutter_isolate/ios`)
  - flutter_secure_storage (from `.symlinks/plugins/flutter_secure_storage/ios`)
  - sign_in_with_apple (from `.symlinks/plugins/sign_in_with_apple/ios`)
  - video_player_hdr (from `.symlinks/plugins/video_player_hdr/ios`)
  - workmanager_apple (from `.symlinks/plugins/workmanager_apple/ios`)

EXTERNAL SOURCES:
  Flutter:
    :path: Flutter
  flutter_isolate:
    :path: ".symlinks/plugins/flutter_isolate/ios"
  flutter_secure_storage:
    :path: ".symlinks/plugins/flutter_secure_storage/ios"
  sign_in_with_apple:
    :path: ".symlinks/plugins/sign_in_with_apple/ios"
  video_player_hdr:
    :path: ".symlinks/plugins/video_player_hdr/ios"
  workmanager_apple:
    :path: ".symlinks/plugins/workmanager_apple/ios"

SPEC CHECKSUMS:
  Flutter: cabc95a1d2626b1b06e7179b784ebcf0c0cde467
  flutter_isolate: ca1a284bbb8dcfeb26c4764794e0206f58ffa984
  flutter_secure_storage: 1ed9476fba7e7a782b22888f956cce43e2c62f13
  sign_in_with_apple: c5dcc141574c8c54d5ac99dd2163c0c72ad22418
  video_player_hdr: 59ed463b32331b5693c833bbbbe2a6817d58cfea
  workmanager_apple: 904529ae31e97fc5be632cf628507652294a0778

PODFILE CHECKSUM: e30f02f9d1c72c47bb6344a0a748c9d268180865

COCOAPODS: 1.16.2
